<?xml version="1.0" encoding="utf-8"?>
<Project ToolsVersion="4.0" xmlns="http://schemas.microsoft.com/developer/msbuild/2003">
  <ItemGroup>
    <ClCompile Include="j1Window.cpp">
      <Filter>Engine\1. Modules =========</Filter>
    </ClCompile>
    <ClCompile Include="j1Audio.cpp">
      <Filter>Engine\1. Modules =========</Filter>
    </ClCompile>
    <ClCompile Include="j1App.cpp">
      <Filter>Engine</Filter>
    </ClCompile>
    <ClCompile Include="j1Input.cpp">
      <Filter>Engine\1. Modules =========</Filter>
    </ClCompile>
    <ClCompile Include="j1Main.cpp">
      <Filter>Engine</Filter>
    </ClCompile>
    <ClCompile Include="j1Textures.cpp">
      <Filter>Engine\1. Modules =========</Filter>
    </ClCompile>
    <ClCompile Include="j1FileSystem.cpp">
      <Filter>Engine\1. Modules =========</Filter>
    </ClCompile>
    <ClCompile Include="PugiXml\src\pugixml.cpp">
      <Filter>Engine\6. Tools ===========\PuguiXML</Filter>
    </ClCompile>
    <ClCompile Include="j1Map.cpp">
      <Filter>Engine\1. Modules =========</Filter>
    </ClCompile>
    <ClCompile Include="j1Pathfinding.cpp">
      <Filter>Engine\1. Modules =========</Filter>
    </ClCompile>
    <ClCompile Include="j1Timer.cpp">
      <Filter>Engine\6. Tools ===========</Filter>
    </ClCompile>
    <ClCompile Include="j1PerfTimer.cpp">
      <Filter>Engine\6. Tools ===========</Filter>
    </ClCompile>
    <ClCompile Include="j1Fonts.cpp">
      <Filter>Engine\1. Modules =========</Filter>
    </ClCompile>
    <ClCompile Include="j1Gui.cpp">
      <Filter>Engine\1. Modules =========</Filter>
    </ClCompile>
    <ClCompile Include="j1Render.cpp">
      <Filter>Engine\1. Modules =========</Filter>
    </ClCompile>
    <ClCompile Include="j1Console.cpp">
      <Filter>Engine\1. Modules =========</Filter>
    </ClCompile>
    <ClCompile Include="MainScene.cpp">
      <Filter>Engine\3. Scenes ==========\MainScene</Filter>
    </ClCompile>
    <ClCompile Include="j1Physics.cpp">
      <Filter>Engine\1. Modules =========</Filter>
    </ClCompile>
    <ClCompile Include="p2Log.cpp">
      <Filter>Engine\6. Tools ===========</Filter>
    </ClCompile>
    <ClCompile Include="Functions.cpp">
      <Filter>Engine\6. Tools ===========</Filter>
    </ClCompile>
    <ClCompile Include="j1Entity.cpp">
      <Filter>Engine\4. Entities ==========</Filter>
    </ClCompile>
    <ClCompile Include="j1Scene.cpp">
      <Filter>Engine\3. Scenes ==========</Filter>
    </ClCompile>
    <ClCompile Include="Animation.cpp">
      <Filter>Engine\2. Components ======</Filter>
    </ClCompile>
    <ClCompile Include="GameObject.cpp">
      <Filter>Engine\2. Components ======</Filter>
    </ClCompile>
    <ClCompile Include="Parallax.cpp">
      <Filter>Engine\2. Components ======</Filter>
    </ClCompile>
    <ClCompile Include="j1Viewports.cpp">
      <Filter>Engine\1. Modules =========</Filter>
    </ClCompile>
    <ClCompile Include="Link.cpp">
      <Filter>Engine\4. Entities ==========\Link</Filter>
    </ClCompile>
    <ClCompile Include="Minion.cpp">
      <Filter>Engine\4. Entities ==========\Minions</Filter>
    </ClCompile>
    <ClCompile Include="Entity.cpp">
      <Filter>Engine\4. Entities ==========</Filter>
    </ClCompile>
    <ClCompile Include="MenuScene.cpp">
      <Filter>Engine\3. Scenes ==========\Menu</Filter>
    </ClCompile>
    <ClCompile Include="Tower.cpp">
      <Filter>Engine\4. Entities ==========\Towers</Filter>
    </ClCompile>
    <ClCompile Include="MinionManager.cpp">
      <Filter>Engine\2. Components ======\Managers</Filter>
    </ClCompile>
    <ClCompile Include="PlayerManager.cpp">
      <Filter>Engine\2. Components ======\Managers</Filter>
    </ClCompile>
    <ClCompile Include="j1Spell.cpp">
      <Filter>Engine\5. Spells ===========</Filter>
    </ClCompile>
    <ClCompile Include="Spell.cpp">
      <Filter>Engine\5. Spells ===========</Filter>
    </ClCompile>
    <ClCompile Include="Boomerang.cpp">
      <Filter>Engine\5. Spells ===========\Boomerang</Filter>
    </ClCompile>
    <ClCompile Include="TowerManager.cpp">
      <Filter>Engine\2. Components ======\Managers</Filter>
    </ClCompile>
    <ClCompile Include="TowerAttack.cpp">
      <Filter>Engine\5. Spells ===========\TowerAttack</Filter>
    </ClCompile>
    <ClCompile Include="TeamSelectScene.cpp">
      <Filter>Engine\3. Scenes ==========\TeamSelectScene</Filter>
    </ClCompile>
    <ClCompile Include="CharacterSelectionScene.cpp">
      <Filter>Engine\3. Scenes ==========\CharacterSelection</Filter>
    </ClCompile>
    <ClCompile Include="ShopManager.cpp">
      <Filter>Engine\2. Components ======\Managers</Filter>
    </ClCompile>
    <ClCompile Include="Zelda.cpp">
      <Filter>Engine\4. Entities ==========\Zelda</Filter>
    </ClCompile>
    <ClCompile Include="ZeldaManager.cpp">
      <Filter>Engine\2. Components ======\Managers</Filter>
    </ClCompile>
    <ClCompile Include="Trunk.cpp">
      <Filter>Engine\4. Entities ==========\Trunk</Filter>
    </ClCompile>
    <ClCompile Include="AestheticsManager.cpp">
      <Filter>Engine\2. Components ======\Managers</Filter>
    </ClCompile>
    <ClCompile Include="Base.cpp">
      <Filter>Engine\4. Entities ==========\Base</Filter>
    </ClCompile>
    <ClCompile Include="BaseManager.cpp">
      <Filter>Engine\2. Components ======\Managers</Filter>
    </ClCompile>
    <ClCompile Include="Trees.cpp">
      <Filter>Engine\4. Entities ==========\Trees</Filter>
    </ClCompile>
    <ClCompile Include="Eyes.cpp">
      <Filter>Engine\4. Entities ==========\Eyes</Filter>
    </ClCompile>
    <ClCompile Include="JungleCampManager.cpp">
      <Filter>Engine\2. Components ======\Managers</Filter>
    </ClCompile>
    <ClCompile Include="Snakes.cpp">
      <Filter>Engine\4. Entities ==========\Jungle Camps</Filter>
    </ClCompile>
    <ClCompile Include="SnakePoison.cpp">
      <Filter>Engine\5. Spells ===========\SnakePoison</Filter>
    </ClCompile>
    <ClCompile Include="Bushes.cpp">
      <Filter>Engine\4. Entities ==========\Bushes</Filter>
    </ClCompile>
    <ClCompile Include="Quest_Manager.cpp">
      <Filter>Engine\2. Components ======\Managers</Filter>
    </ClCompile>
    <ClCompile Include="Skeleton.cpp">
      <Filter>Engine\4. Entities ==========\Jungle Camps</Filter>
    </ClCompile>
    <ClCompile Include="BoneAttack.cpp">
      <Filter>Engine\5. Spells ===========\BoneAttack</Filter>
    </ClCompile>
    <ClCompile Include="EventThrower.cpp">
      <Filter>Engine\2. Components ======</Filter>
    </ClCompile>
  </ItemGroup>
  <ItemGroup>
    <ClInclude Include="j1Window.h">
      <Filter>Engine\1. Modules =========</Filter>
    </ClInclude>
    <ClInclude Include="j1Audio.h">
      <Filter>Engine\1. Modules =========</Filter>
    </ClInclude>
    <ClInclude Include="j1App.h">
      <Filter>Engine</Filter>
    </ClInclude>
    <ClInclude Include="j1Input.h">
      <Filter>Engine\1. Modules =========</Filter>
    </ClInclude>
    <ClInclude Include="j1Module.h">
      <Filter>Engine</Filter>
    </ClInclude>
    <ClInclude Include="j1Render.h">
      <Filter>Engine\1. Modules =========</Filter>
    </ClInclude>
    <ClInclude Include="j1Textures.h">
      <Filter>Engine\1. Modules =========</Filter>
    </ClInclude>
    <ClInclude Include="j1FileSystem.h">
      <Filter>Engine\1. Modules =========</Filter>
    </ClInclude>
    <ClInclude Include="PugiXml\src\pugiconfig.hpp">
      <Filter>Engine\6. Tools ===========\PuguiXML</Filter>
    </ClInclude>
    <ClInclude Include="PugiXml\src\pugixml.hpp">
      <Filter>Engine\6. Tools ===========\PuguiXML</Filter>
    </ClInclude>
    <ClInclude Include="j1Map.h">
      <Filter>Engine\1. Modules =========</Filter>
    </ClInclude>
    <ClInclude Include="j1Pathfinding.h">
      <Filter>Engine\1. Modules =========</Filter>
    </ClInclude>
    <ClInclude Include="j1Timer.h">
      <Filter>Engine\6. Tools ===========</Filter>
    </ClInclude>
    <ClInclude Include="j1PerfTimer.h">
      <Filter>Engine\6. Tools ===========</Filter>
    </ClInclude>
    <ClInclude Include="j1Fonts.h">
      <Filter>Engine\1. Modules =========</Filter>
    </ClInclude>
    <ClInclude Include="j1Gui.h">
      <Filter>Engine\1. Modules =========</Filter>
    </ClInclude>
    <ClInclude Include="j1Console.h">
      <Filter>Engine\1. Modules =========</Filter>
    </ClInclude>
    <ClInclude Include="j1Scene.h">
      <Filter>Engine\3. Scenes ==========</Filter>
    </ClInclude>
    <ClInclude Include="MainScene.h">
      <Filter>Engine\3. Scenes ==========\MainScene</Filter>
    </ClInclude>
    <ClInclude Include="Scene.h">
      <Filter>Engine\3. Scenes ==========</Filter>
    </ClInclude>
    <ClInclude Include="j1Physics.h">
      <Filter>Engine\1. Modules =========</Filter>
    </ClInclude>
    <ClInclude Include="p2Defs.h">
      <Filter>Engine\6. Tools ===========</Filter>
    </ClInclude>
    <ClInclude Include="p2DynArray.h">
      <Filter>Engine\6. Tools ===========</Filter>
    </ClInclude>
    <ClInclude Include="p2List.h">
      <Filter>Engine\6. Tools ===========</Filter>
    </ClInclude>
    <ClInclude Include="p2Log.h">
      <Filter>Engine\6. Tools ===========</Filter>
    </ClInclude>
    <ClInclude Include="p2Point.h">
      <Filter>Engine\6. Tools ===========</Filter>
    </ClInclude>
    <ClInclude Include="p2PQueue.h">
      <Filter>Engine\6. Tools ===========</Filter>
    </ClInclude>
    <ClInclude Include="p2SString.h">
      <Filter>Engine\6. Tools ===========</Filter>
    </ClInclude>
    <ClInclude Include="Functions.h">
      <Filter>Engine\6. Tools ===========</Filter>
    </ClInclude>
    <ClInclude Include="j1Entity.h">
      <Filter>Engine\4. Entities ==========</Filter>
    </ClInclude>
    <ClInclude Include="Entity.h">
      <Filter>Engine\4. Entities ==========</Filter>
    </ClInclude>
    <ClInclude Include="Animation.h">
      <Filter>Engine\2. Components ======</Filter>
    </ClInclude>
    <ClInclude Include="CollisionFilters.h">
      <Filter>Engine\2. Components ======</Filter>
    </ClInclude>
    <ClInclude Include="GameObject.h">
      <Filter>Engine\2. Components ======</Filter>
    </ClInclude>
    <ClInclude Include="Parallax.h">
      <Filter>Engine\2. Components ======</Filter>
    </ClInclude>
    <ClInclude Include="j1Viewports.h">
      <Filter>Engine\1. Modules =========</Filter>
    </ClInclude>
    <ClInclude Include="Link.h">
      <Filter>Engine\4. Entities ==========\Link</Filter>
    </ClInclude>
    <ClInclude Include="MenuScene.h">
      <Filter>Engine\3. Scenes ==========\Menu</Filter>
    </ClInclude>
    <ClInclude Include="Tower.h">
      <Filter>Engine\4. Entities ==========\Towers</Filter>
    </ClInclude>
    <ClInclude Include="MinionManager.h">
      <Filter>Engine\2. Components ======\Managers</Filter>
    </ClInclude>
    <ClInclude Include="PlayerManager.h">
      <Filter>Engine\2. Components ======\Managers</Filter>
    </ClInclude>
    <ClInclude Include="j1Spell.h">
      <Filter>Engine\5. Spells ===========</Filter>
    </ClInclude>
    <ClInclude Include="Spell.h">
      <Filter>Engine\5. Spells ===========</Filter>
    </ClInclude>
    <ClInclude Include="Boomerang.h">
      <Filter>Engine\5. Spells ===========\Boomerang</Filter>
    </ClInclude>
    <ClInclude Include="TowerManager.h">
      <Filter>Engine\2. Components ======\Managers</Filter>
    </ClInclude>
    <ClInclude Include="TowerAttack.h">
      <Filter>Engine\5. Spells ===========\TowerAttack</Filter>
    </ClInclude>
    <ClInclude Include="TeamSelectScene.h">
      <Filter>Engine\3. Scenes ==========\TeamSelectScene</Filter>
    </ClInclude>
    <ClInclude Include="CharacterSelectionScene.h">
      <Filter>Engine\3. Scenes ==========\CharacterSelection</Filter>
    </ClInclude>
    <ClInclude Include="Item.h">
      <Filter>Engine\2. Components ======</Filter>
    </ClInclude>
    <ClInclude Include="ShopManager.h">
      <Filter>Engine\2. Components ======\Managers</Filter>
    </ClInclude>
    <ClInclude Include="Zelda.h">
      <Filter>Engine\4. Entities ==========\Zelda</Filter>
    </ClInclude>
    <ClInclude Include="ZeldaManager.h">
      <Filter>Engine\2. Components ======\Managers</Filter>
    </ClInclude>
    <ClInclude Include="Trunk.h">
      <Filter>Engine\4. Entities ==========\Trunk</Filter>
    </ClInclude>
    <ClInclude Include="AestheticsManager.h">
      <Filter>Engine\2. Components ======\Managers</Filter>
    </ClInclude>
    <ClInclude Include="Base.h">
      <Filter>Engine\4. Entities ==========\Base</Filter>
    </ClInclude>
    <ClInclude Include="BaseManager.h">
      <Filter>Engine\2. Components ======\Managers</Filter>
    </ClInclude>
    <ClInclude Include="Trees.h">
      <Filter>Engine\4. Entities ==========\Trees</Filter>
    </ClInclude>
    <ClInclude Include="Eyes.h">
      <Filter>Engine\4. Entities ==========\Eyes</Filter>
    </ClInclude>
    <ClInclude Include="JungleCampManager.h">
      <Filter>Engine\2. Components ======\Managers</Filter>
    </ClInclude>
    <ClInclude Include="Snakes.h">
      <Filter>Engine\4. Entities ==========\Jungle Camps</Filter>
    </ClInclude>
    <ClInclude Include="SnakePoison.h">
      <Filter>Engine\5. Spells ===========\SnakePoison</Filter>
    </ClInclude>
    <ClInclude Include="Bushes.h">
      <Filter>Engine\4. Entities ==========\Bushes</Filter>
    </ClInclude>
    <ClInclude Include="Quest_Manager.h">
      <Filter>Engine\2. Components ======\Managers</Filter>
    </ClInclude>
    <ClInclude Include="Skeleton.h">
      <Filter>Engine\4. Entities ==========\Jungle Camps</Filter>
    </ClInclude>
    <ClInclude Include="BoneAttack.h">
      <Filter>Engine\5. Spells ===========\BoneAttack</Filter>
    </ClInclude>
    <ClInclude Include="EventThrower.h">
      <Filter>Engine\2. Components ======</Filter>
    </ClInclude>
    <ClInclude Include="Minion.h">
      <Filter>Engine\4. Entities ==========\Minions</Filter>
    </ClInclude>
  </ItemGroup>
  <ItemGroup>
    <Filter Include="Engine">
      <UniqueIdentifier>{cb944693-b9d0-484c-bad2-02d5a7cdbec6}</UniqueIdentifier>
    </Filter>
    <Filter Include="Engine\1. Modules =========">
      <UniqueIdentifier>{244722d1-90ce-423d-8e7a-556211865a32}</UniqueIdentifier>
    </Filter>
    <Filter Include="Engine\2. Components ======">
      <UniqueIdentifier>{1f876cd5-245d-4ca8-a70a-e144dbbc8c53}</UniqueIdentifier>
    </Filter>
    <Filter Include="Engine\3. Scenes ==========">
      <UniqueIdentifier>{e07660eb-d36f-4cc9-af59-324d31c2f2f6}</UniqueIdentifier>
    </Filter>
    <Filter Include="Engine\3. Scenes ==========\MainScene">
      <UniqueIdentifier>{11114207-2dc8-4d4e-8574-9953eccbdbc7}</UniqueIdentifier>
    </Filter>
    <Filter Include="Engine\4. Entities ==========">
      <UniqueIdentifier>{1fe24bf0-1db6-45b2-aa68-fef0607a5a12}</UniqueIdentifier>
    </Filter>
    <Filter Include="Engine\4. Entities ==========\Link">
      <UniqueIdentifier>{649f33ab-cba0-4e3f-9d04-df22ae53d381}</UniqueIdentifier>
    </Filter>
    <Filter Include="Engine\4. Entities ==========\Minions">
      <UniqueIdentifier>{de09af9a-bea5-4367-81e3-c6bf6e5f9f21}</UniqueIdentifier>
    </Filter>
    <Filter Include="Engine\3. Scenes ==========\Menu">
      <UniqueIdentifier>{afcd3f3f-e70b-4587-86b0-e69ab2ba9728}</UniqueIdentifier>
    </Filter>
    <Filter Include="Engine\4. Entities ==========\Towers">
      <UniqueIdentifier>{843a305f-fa8a-40ab-838f-88879c4d9f32}</UniqueIdentifier>
    </Filter>
    <Filter Include="Engine\2. Components ======\Managers">
      <UniqueIdentifier>{c5630d73-913f-493b-9d9b-07dbfa6569b9}</UniqueIdentifier>
    </Filter>
    <Filter Include="Engine\5. Spells ===========">
      <UniqueIdentifier>{8a97f8fe-717b-4301-947d-3625656831e3}</UniqueIdentifier>
    </Filter>
    <Filter Include="Engine\6. Tools ===========">
      <UniqueIdentifier>{42c748be-4a37-49de-970f-5be811d06b38}</UniqueIdentifier>
    </Filter>
    <Filter Include="Engine\6. Tools ===========\PuguiXML">
      <UniqueIdentifier>{7cb78d67-17cc-45eb-af97-e2106becce7b}</UniqueIdentifier>
    </Filter>
    <Filter Include="Engine\5. Spells ===========\Boomerang">
      <UniqueIdentifier>{ce4ed5b5-dac9-43aa-b307-6d794956f0df}</UniqueIdentifier>
    </Filter>
    <Filter Include="Engine\5. Spells ===========\TowerAttack">
      <UniqueIdentifier>{88246e0f-14f1-4c8e-8f33-19a270f5f84a}</UniqueIdentifier>
    </Filter>
    <Filter Include="Engine\3. Scenes ==========\TeamSelectScene">
      <UniqueIdentifier>{f6bdd670-c432-4a39-9b4b-35c15004b406}</UniqueIdentifier>
    </Filter>
    <Filter Include="Engine\3. Scenes ==========\CharacterSelection">
      <UniqueIdentifier>{20ba1de4-2920-493b-83f2-4edabc19fe22}</UniqueIdentifier>
    </Filter>
    <Filter Include="Engine\4. Entities ==========\Zelda">
      <UniqueIdentifier>{a098f2b5-d279-41f1-b97a-5fe19ec85576}</UniqueIdentifier>
    </Filter>
    <Filter Include="Engine\4. Entities ==========\Trunk">
      <UniqueIdentifier>{6cc80d32-975d-4155-bd20-c9a79fc86820}</UniqueIdentifier>
    </Filter>
    <Filter Include="Engine\4. Entities ==========\Base">
      <UniqueIdentifier>{8ba32828-9068-476d-ab52-fca59de55bab}</UniqueIdentifier>
    </Filter>
    <Filter Include="Engine\4. Entities ==========\Trees">
      <UniqueIdentifier>{822fa593-6faf-4b89-a983-8bf0f08b5c7d}</UniqueIdentifier>
    </Filter>
    <Filter Include="Engine\4. Entities ==========\Eyes">
      <UniqueIdentifier>{ccac2d89-38c0-4829-a422-d4b18372492a}</UniqueIdentifier>
    </Filter>
    <Filter Include="Engine\4. Entities ==========\Jungle Camps">
      <UniqueIdentifier>{e88e1269-dac3-4cd5-9e6e-db0aa7223f3e}</UniqueIdentifier>
    </Filter>
    <Filter Include="Engine\5. Spells ===========\SnakePoison">
      <UniqueIdentifier>{2eb73cd3-985c-4abf-b389-0fc9c08d9ddd}</UniqueIdentifier>
    </Filter>
    <Filter Include="Engine\4. Entities ==========\Bushes">
      <UniqueIdentifier>{9ef085b3-7b82-40a9-b487-3f78df6b41e0}</UniqueIdentifier>
    </Filter>
    <Filter Include="Engine\5. Spells ===========\BoneAttack">
      <UniqueIdentifier>{d8f600ad-a766-4725-8bcf-09b65f6bd00d}</UniqueIdentifier>
    </Filter>
  </ItemGroup>
  <ItemGroup>
    <Xml Include="..\Game\link.xml">
      <Filter>Engine\4. Entities ==========\Link</Filter>
    </Xml>
    <Xml Include="..\Game\GameSettings.xml">
      <Filter>Engine\2. Components ======</Filter>
    </Xml>
    <Xml Include="..\Game\minion.xml">
      <Filter>Engine\4. Entities ==========\Minions</Filter>
    </Xml>
    <Xml Include="..\Game\boomerang.xml">
      <Filter>Engine\5. Spells ===========\Boomerang</Filter>
    </Xml>
    <Xml Include="..\Game\tower.xml">
      <Filter>Engine\4. Entities ==========\Towers</Filter>
    </Xml>
    <Xml Include="..\Game\MapCollisions.xml">
      <Filter>Engine\3. Scenes ==========\MainScene</Filter>
    </Xml>
    <Xml Include="..\Game\Items.xml">
      <Filter>Engine\2. Components ======</Filter>
    </Xml>
    <Xml Include="..\Game\Shop_config.xml">
      <Filter>Engine\2. Components ======</Filter>
    </Xml>
    <Xml Include="..\Game\towerattack.xml">
      <Filter>Engine\5. Spells ===========\TowerAttack</Filter>
    </Xml>
    <Xml Include="..\Game\zelda.xml">
      <Filter>Engine\4. Entities ==========\Zelda</Filter>
    </Xml>
    <Xml Include="..\Game\trunk.xml">
      <Filter>Engine\4. Entities ==========\Trunk</Filter>
    </Xml>
    <Xml Include="..\Game\base.xml">
      <Filter>Engine\4. Entities ==========\Base</Filter>
    </Xml>
    <Xml Include="..\Game\Trees.xml">
      <Filter>Engine\4. Entities ==========\Trees</Filter>
    </Xml>
    <Xml Include="..\Game\eyes.xml">
      <Filter>Engine\4. Entities ==========\Eyes</Filter>
    </Xml>
    <Xml Include="..\Game\snakepoison.xml">
      <Filter>Engine\5. Spells ===========\SnakePoison</Filter>
    </Xml>
    <Xml Include="..\Game\snakes.xml">
      <Filter>Engine\4. Entities ==========\Jungle Camps</Filter>
    </Xml>
    <Xml Include="..\Game\bush.xml">
      <Filter>Engine\4. Entities ==========\Bushes</Filter>
    </Xml>
    <Xml Include="..\Game\skeleton.xml">
      <Filter>Engine\4. Entities ==========\Jungle Camps</Filter>
    </Xml>
    <Xml Include="..\Game\boneattack.xml">
      <Filter>Engine\5. Spells ===========\BoneAttack</Filter>
    </Xml>
    <Xml Include="..\Game\entity_effects.xml">
      <Filter>Engine\4. Entities ==========</Filter>
    </Xml>
    <Xml Include="..\Game\Quests.xml">
      <Filter>Engine\2. Components ======</Filter>
    </Xml>
  </ItemGroup>
</Project>